# This file is autogenerated, do not edit; changes may be undone by the next 'dep ensure'.


[[projects]]
  name = "github.com/docopt/docopt-go"
  packages = ["."]
  revision = "784ddc588536785e7299f7272f39101f7faccc3f"
  version = "0.6.2"

[solve-meta]
  analyzer-name = "dep"
  analyzer-version = 1
  inputs-digest = "da3a92b7ea4cf96557796d7dc48fc24131b7d4b067d6b1b115498047701c642c"
  solver-name = "gps-cdcl"
  solver-version = 1
